
Microsoft Visual Studio Solution File, Format Version 12.00
# Visual Studio 2013
VisualStudioVersion = 12.0.21005.1
MinimumVisualStudioVersion = 10.0.40219.1
Project("{FAE04EC0-301F-11D3-BF4B-00C04F79EFBC}") = "FlatApp.UI", "FlatApp.UI\FlatApp.UI.csproj", "{46CFA42B-1056-491F-843C-79592B72134F}"
EndProject
Project("{FAE04EC0-301F-11D3-BF4B-00C04F79EFBC}") = "FlatApp.UI.Demo", "FlatApp.UI.Demo\FlatApp.UI.Demo.csproj", "{4E2914B4-EB68-4E41-8C70-6D6C006A522B}"
EndProject
Global
	GlobalSection(SolutionConfigurationPlatforms) = preSolution
		Debug|Any CPU = Debug|Any CPU
		Debug|Mixed Platforms = Debug|Mixed Platforms
		Debug|x86 = Debug|x86
		Release|Any CPU = Release|Any CPU
		Release|Mixed Platforms = Release|Mixed Platforms
		Release|x86 = Release|x86
	EndGlobalSection
	GlobalSection(ProjectConfigurationPlatforms) = postSolution
		{46CFA42B-1056-491F-843C-79592B72134F}.Debug|Any CPU.ActiveCfg = Debug|Any CPU
		{46CFA42B-1056-491F-843C-79592B72134F}.Debug|Any CPU.Build.0 = Debug|Any CPU
		{46CFA42B-1056-491F-843C-79592B72134F}.Debug|Mixed Platforms.ActiveCfg = Debug|Any CPU
		{46CFA42B-1056-491F-843C-79592B72134F}.Debug|Mixed Platforms.Build.0 = Debug|Any CPU
		{46CFA42B-1056-491F-843C-79592B72134F}.Debug|x86.ActiveCfg = Debug|Any CPU
		{46CFA42B-1056-491F-843C-79592B72134F}.Release|Any CPU.ActiveCfg = Release|Any CPU
		{46CFA42B-1056-491F-843C-79592B72134F}.Release|Any CPU.Build.0 = Release|Any CPU
		{46CFA42B-1056-491F-843C-79592B72134F}.Release|Mixed Platforms.ActiveCfg = Release|Any CPU
		{46CFA42B-1056-491F-843C-79592B72134F}.Release|Mixed Platforms.Build.0 = Release|Any CPU
		{46CFA42B-1056-491F-843C-79592B72134F}.Release|x86.ActiveCfg = Release|Any CPU
		{4E2914B4-EB68-4E41-8C70-6D6C006A522B}.Debug|Any CPU.ActiveCfg = Debug|Any CPU
		{4E2914B4-EB68-4E41-8C70-6D6C006A522B}.Debug|Any CPU.Build.0 = Debug|Any CPU
		{4E2914B4-EB68-4E41-8C70-6D6C006A522B}.Debug|Mixed Platforms.ActiveCfg = Debug|Any CPU
		{4E2914B4-EB68-4E41-8C70-6D6C006A522B}.Debug|Mixed Platforms.Build.0 = Debug|Any CPU
		{4E2914B4-EB68-4E41-8C70-6D6C006A522B}.Debug|x86.ActiveCfg = Debug|Any CPU
		{4E2914B4-EB68-4E41-8C70-6D6C006A522B}.Release|Any CPU.ActiveCfg = Release|Any CPU
		{4E2914B4-EB68-4E41-8C70-6D6C006A522B}.Release|Any CPU.Build.0 = Release|Any CPU
		{4E2914B4-EB68-4E41-8C70-6D6C006A522B}.Release|Mixed Platforms.ActiveCfg = Release|Any CPU
		{4E2914B4-EB68-4E41-8C70-6D6C006A522B}.Release|Mixed Platforms.Build.0 = Release|Any CPU
		{4E2914B4-EB68-4E41-8C70-6D6C006A522B}.Release|x86.ActiveCfg = Release|Any CPU
	EndGlobalSection
	GlobalSection(SolutionProperties) = preSolution
		HideSolutionNode = FALSE
	EndGlobalSection
EndGlobal
